
Microsoft Visual Studio Solution File, Format Version 12.00
# Visual Studio Version 17
VisualStudioVersion = 17.5.33627.172
MinimumVisualStudioVersion = 10.0.40219.1
Project("{9A19103F-16F7-4668-BE54-9A1E7A4F7556}") = "SP.Identity.API", "SP.Identity\SP.Identity.API\SP.Identity.API.csproj", "{B61E6B48-22FC-4DE9-92CA-4249E796B128}"
EndProject
Project("{2150E333-8FDC-42A3-9474-1A3956D46DE8}") = "SP.Identity", "SP.Identity", "{1D999E41-28FC-4FBB-AFF6-C874535F54AB}"
EndProject
Project("{9A19103F-16F7-4668-BE54-9A1E7A4F7556}") = "SP.Identity.DataAccessLayer", "SP.Identity\SP.Identity.DataAccessLayer\SP.Identity.DataAccessLayer.csproj", "{C2DFB945-8746-4D6F-9A1F-A3C8A7C07B2A}"
EndProject
Project("{9A19103F-16F7-4668-BE54-9A1E7A4F7556}") = "SP.Identity.BusinessLayer", "SP.Identity\SP.Identity.BusinessLayer\SP.Identity.BusinessLayer.csproj", "{ABDF04CD-5002-4C24-ADC8-D72BDAD4060B}"
EndProject
Project("{2150E333-8FDC-42A3-9474-1A3956D46DE8}") = "SP.Provider", "SP.Provider", "{90BF15AB-8E44-421E-82DC-54A0E7F3C2AF}"
EndProject
Project("{9A19103F-16F7-4668-BE54-9A1E7A4F7556}") = "SP.Provider.API", "SP.Provider\SP.Provider.API\SP.Provider.API.csproj", "{4818D5C1-0AA0-4737-9929-48833F9840E8}"
EndProject
Project("{9A19103F-16F7-4668-BE54-9A1E7A4F7556}") = "SP.Provider.BusinessLayer", "SP.Provider\SP.Provider.BusinessLayer\SP.Provider.BusinessLayer.csproj", "{0D021462-2DBD-4B51-9116-D04FEC41F8F7}"
EndProject
Project("{9A19103F-16F7-4668-BE54-9A1E7A4F7556}") = "SP.Provider.DataAccessLayer", "SP.Provider\SP.Provider.DataAccessLayer\SP.Provider.DataAccessLayer.csproj", "{06887A21-5646-4B0A-868D-7AC6F799075C}"
EndProject
Project("{2150E333-8FDC-42A3-9474-1A3956D46DE8}") = "SP.Customer", "SP.Customer", "{12CD7AA1-C65E-467C-AFA5-D2DFF2A056A5}"
EndProject
Project("{9A19103F-16F7-4668-BE54-9A1E7A4F7556}") = "SP.Customer.API", "SP.Customer\SP.Customer.API\SP.Customer.API.csproj", "{63493202-4598-4275-9142-0281095943CD}"
EndProject
Project("{9A19103F-16F7-4668-BE54-9A1E7A4F7556}") = "SP.Customer.BusinessLayer", "SP.Customer\SP.Customer.BusinessLayer\SP.Customer.BusinessLayer.csproj", "{D665BF9E-729F-468E-85E9-95B7DF659A18}"
EndProject
Project("{9A19103F-16F7-4668-BE54-9A1E7A4F7556}") = "SP.Customer.DataAccessLayer", "SP.Customer\SP.Customer.DataAccessLayer\SP.Customer.DataAccessLayer.csproj", "{165C0C61-31C7-49B9-9AE2-17D617AF8C5C}"
EndProject
Project("{2150E333-8FDC-42A3-9474-1A3956D46DE8}") = "SP.Service", "SP.Service", "{7BBEEEF0-229A-449C-A41B-87857A06CECC}"
EndProject
Project("{9A19103F-16F7-4668-BE54-9A1E7A4F7556}") = "SP.Service.API", "SP.Service\SP.Service.API\SP.Service.API.csproj", "{D4FE7C24-DE92-495C-B3C9-76BFF02976CD}"
EndProject
Project("{FAE04EC0-301F-11D3-BF4B-00C04F79EFBC}") = "SP.Service.BusinessLayer", "SP.Service\SP.Service.BusinessLayer\SP.Service.BusinessLayer.csproj", "{BB68DAE3-52D9-417E-B1DE-ADE24F64EE0B}"
EndProject
Project("{FAE04EC0-301F-11D3-BF4B-00C04F79EFBC}") = "SP.Service.DataAccessLayer", "SP.Service\SP.Service.DataAccessLayer\SP.Service.DataAccessLayer.csproj", "{E1A8269E-6421-4039-B2A0-6A91BB04EECA}"
EndProject
Global
	GlobalSection(SolutionConfigurationPlatforms) = preSolution
		Debug|Any CPU = Debug|Any CPU
		Release|Any CPU = Release|Any CPU
	EndGlobalSection
	GlobalSection(ProjectConfigurationPlatforms) = postSolution
		{B61E6B48-22FC-4DE9-92CA-4249E796B128}.Debug|Any CPU.ActiveCfg = Debug|Any CPU
		{B61E6B48-22FC-4DE9-92CA-4249E796B128}.Debug|Any CPU.Build.0 = Debug|Any CPU
		{B61E6B48-22FC-4DE9-92CA-4249E796B128}.Release|Any CPU.ActiveCfg = Release|Any CPU
		{B61E6B48-22FC-4DE9-92CA-4249E796B128}.Release|Any CPU.Build.0 = Release|Any CPU
		{C2DFB945-8746-4D6F-9A1F-A3C8A7C07B2A}.Debug|Any CPU.ActiveCfg = Debug|Any CPU
		{C2DFB945-8746-4D6F-9A1F-A3C8A7C07B2A}.Debug|Any CPU.Build.0 = Debug|Any CPU
		{C2DFB945-8746-4D6F-9A1F-A3C8A7C07B2A}.Release|Any CPU.ActiveCfg = Release|Any CPU
		{C2DFB945-8746-4D6F-9A1F-A3C8A7C07B2A}.Release|Any CPU.Build.0 = Release|Any CPU
		{ABDF04CD-5002-4C24-ADC8-D72BDAD4060B}.Debug|Any CPU.ActiveCfg = Debug|Any CPU
		{ABDF04CD-5002-4C24-ADC8-D72BDAD4060B}.Debug|Any CPU.Build.0 = Debug|Any CPU
		{ABDF04CD-5002-4C24-ADC8-D72BDAD4060B}.Release|Any CPU.ActiveCfg = Release|Any CPU
		{ABDF04CD-5002-4C24-ADC8-D72BDAD4060B}.Release|Any CPU.Build.0 = Release|Any CPU
		{4818D5C1-0AA0-4737-9929-48833F9840E8}.Debug|Any CPU.ActiveCfg = Debug|Any CPU
		{4818D5C1-0AA0-4737-9929-48833F9840E8}.Debug|Any CPU.Build.0 = Debug|Any CPU
		{4818D5C1-0AA0-4737-9929-48833F9840E8}.Release|Any CPU.ActiveCfg = Release|Any CPU
		{4818D5C1-0AA0-4737-9929-48833F9840E8}.Release|Any CPU.Build.0 = Release|Any CPU
		{0D021462-2DBD-4B51-9116-D04FEC41F8F7}.Debug|Any CPU.ActiveCfg = Debug|Any CPU
		{0D021462-2DBD-4B51-9116-D04FEC41F8F7}.Debug|Any CPU.Build.0 = Debug|Any CPU
		{0D021462-2DBD-4B51-9116-D04FEC41F8F7}.Release|Any CPU.ActiveCfg = Release|Any CPU
		{0D021462-2DBD-4B51-9116-D04FEC41F8F7}.Release|Any CPU.Build.0 = Release|Any CPU
		{06887A21-5646-4B0A-868D-7AC6F799075C}.Debug|Any CPU.ActiveCfg = Debug|Any CPU
		{06887A21-5646-4B0A-868D-7AC6F799075C}.Debug|Any CPU.Build.0 = Debug|Any CPU
		{06887A21-5646-4B0A-868D-7AC6F799075C}.Release|Any CPU.ActiveCfg = Release|Any CPU
		{06887A21-5646-4B0A-868D-7AC6F799075C}.Release|Any CPU.Build.0 = Release|Any CPU
		{63493202-4598-4275-9142-0281095943CD}.Debug|Any CPU.ActiveCfg = Debug|Any CPU
		{63493202-4598-4275-9142-0281095943CD}.Debug|Any CPU.Build.0 = Debug|Any CPU
		{63493202-4598-4275-9142-0281095943CD}.Release|Any CPU.ActiveCfg = Release|Any CPU
		{63493202-4598-4275-9142-0281095943CD}.Release|Any CPU.Build.0 = Release|Any CPU
		{D665BF9E-729F-468E-85E9-95B7DF659A18}.Debug|Any CPU.ActiveCfg = Debug|Any CPU
		{D665BF9E-729F-468E-85E9-95B7DF659A18}.Debug|Any CPU.Build.0 = Debug|Any CPU
		{D665BF9E-729F-468E-85E9-95B7DF659A18}.Release|Any CPU.ActiveCfg = Release|Any CPU
		{D665BF9E-729F-468E-85E9-95B7DF659A18}.Release|Any CPU.Build.0 = Release|Any CPU
		{165C0C61-31C7-49B9-9AE2-17D617AF8C5C}.Debug|Any CPU.ActiveCfg = Debug|Any CPU
		{165C0C61-31C7-49B9-9AE2-17D617AF8C5C}.Debug|Any CPU.Build.0 = Debug|Any CPU
		{165C0C61-31C7-49B9-9AE2-17D617AF8C5C}.Release|Any CPU.ActiveCfg = Release|Any CPU
		{165C0C61-31C7-49B9-9AE2-17D617AF8C5C}.Release|Any CPU.Build.0 = Release|Any CPU
		{D4FE7C24-DE92-495C-B3C9-76BFF02976CD}.Debug|Any CPU.ActiveCfg = Debug|Any CPU
		{D4FE7C24-DE92-495C-B3C9-76BFF02976CD}.Debug|Any CPU.Build.0 = Debug|Any CPU
		{D4FE7C24-DE92-495C-B3C9-76BFF02976CD}.Release|Any CPU.ActiveCfg = Release|Any CPU
		{D4FE7C24-DE92-495C-B3C9-76BFF02976CD}.Release|Any CPU.Build.0 = Release|Any CPU
		{BB68DAE3-52D9-417E-B1DE-ADE24F64EE0B}.Debug|Any CPU.ActiveCfg = Debug|Any CPU
		{BB68DAE3-52D9-417E-B1DE-ADE24F64EE0B}.Debug|Any CPU.Build.0 = Debug|Any CPU
		{BB68DAE3-52D9-417E-B1DE-ADE24F64EE0B}.Release|Any CPU.ActiveCfg = Release|Any CPU
		{BB68DAE3-52D9-417E-B1DE-ADE24F64EE0B}.Release|Any CPU.Build.0 = Release|Any CPU
		{E1A8269E-6421-4039-B2A0-6A91BB04EECA}.Debug|Any CPU.ActiveCfg = Debug|Any CPU
		{E1A8269E-6421-4039-B2A0-6A91BB04EECA}.Debug|Any CPU.Build.0 = Debug|Any CPU
		{E1A8269E-6421-4039-B2A0-6A91BB04EECA}.Release|Any CPU.ActiveCfg = Release|Any CPU
		{E1A8269E-6421-4039-B2A0-6A91BB04EECA}.Release|Any CPU.Build.0 = Release|Any CPU
	EndGlobalSection
	GlobalSection(SolutionProperties) = preSolution
		HideSolutionNode = FALSE
	EndGlobalSection
	GlobalSection(NestedProjects) = preSolution
		{B61E6B48-22FC-4DE9-92CA-4249E796B128} = {1D999E41-28FC-4FBB-AFF6-C874535F54AB}
		{C2DFB945-8746-4D6F-9A1F-A3C8A7C07B2A} = {1D999E41-28FC-4FBB-AFF6-C874535F54AB}
		{ABDF04CD-5002-4C24-ADC8-D72BDAD4060B} = {1D999E41-28FC-4FBB-AFF6-C874535F54AB}
		{4818D5C1-0AA0-4737-9929-48833F9840E8} = {90BF15AB-8E44-421E-82DC-54A0E7F3C2AF}
		{0D021462-2DBD-4B51-9116-D04FEC41F8F7} = {90BF15AB-8E44-421E-82DC-54A0E7F3C2AF}
		{06887A21-5646-4B0A-868D-7AC6F799075C} = {90BF15AB-8E44-421E-82DC-54A0E7F3C2AF}
		{63493202-4598-4275-9142-0281095943CD} = {12CD7AA1-C65E-467C-AFA5-D2DFF2A056A5}
		{D665BF9E-729F-468E-85E9-95B7DF659A18} = {12CD7AA1-C65E-467C-AFA5-D2DFF2A056A5}
		{165C0C61-31C7-49B9-9AE2-17D617AF8C5C} = {12CD7AA1-C65E-467C-AFA5-D2DFF2A056A5}
		{D4FE7C24-DE92-495C-B3C9-76BFF02976CD} = {7BBEEEF0-229A-449C-A41B-87857A06CECC}
		{BB68DAE3-52D9-417E-B1DE-ADE24F64EE0B} = {7BBEEEF0-229A-449C-A41B-87857A06CECC}
		{E1A8269E-6421-4039-B2A0-6A91BB04EECA} = {7BBEEEF0-229A-449C-A41B-87857A06CECC}
	EndGlobalSection
	GlobalSection(ExtensibilityGlobals) = postSolution
		SolutionGuid = {18362331-BCBC-45B1-98ED-013EA00FDBD4}
	EndGlobalSection
EndGlobal
